<?xml version="1.0" encoding="utf-8"?>
<Project ToolsVersion="4.0" xmlns="http://schemas.microsoft.com/developer/msbuild/2003">
  <ItemGroup>
    <Filter Include="Source Files">
      <UniqueIdentifier>{4FC737F1-C7A5-4376-A066-2A32D752A2FF}</UniqueIdentifier>
      <Extensions>cpp;c;cc;cxx;def;odl;idl;hpj;bat;asm;asmx</Extensions>
    </Filter>
    <Filter Include="Header Files">
      <UniqueIdentifier>{93995380-89BD-4b04-88EB-625FBE52EBFB}</UniqueIdentifier>
      <Extensions>h;hpp;hxx;hm;inl;inc;xsd</Extensions>
    </Filter>
    <Filter Include="Resource Files">
      <UniqueIdentifier>{67DA6AB6-F800-4c08-8B7A-83BB121AAD01}</UniqueIdentifier>
      <Extensions>rc;ico;cur;bmp;dlg;rc2;rct;bin;rgs;gif;jpg;jpeg;jpe;resx;tiff;tif;png;wav;mfcribbon-ms</Extensions>
    </Filter>
    <Filter Include="Util Files">
      <UniqueIdentifier>{eb75f507-b013-46e9-b375-afb6dd4aa120}</UniqueIdentifier>
    </Filter>
  </ItemGroup>
  <ItemGroup>
    <None Include="ReadMe.txt" />
    <None Include="maininfo.ico">
      <Filter>Resource Files</Filter>
    </None>
    <None Include="icon1.ico">
      <Filter>Resource Files</Filter>
    </None>
    <None Include="..\..\Util\icone.ico">
      <Filter>Resource Files</Filter>
    </None>
  </ItemGroup>
  <ItemGroup>
    <ClInclude Include="stdafx.h">
      <Filter>Header Files</Filter>
    </ClInclude>
    <ClInclude Include="ThemidaSDK.h">
      <Filter>Header Files</Filter>
    </ClInclude>
    <ClInclude Include="..\..\Util\CCRC32.H">
      <Filter>Util Files</Filter>
    </ClInclude>
    <ClInclude Include="CustomWing.h">
      <Filter>Header Files</Filter>
    </ClInclude>
    <ClInclude Include="MemScript.h">
      <Filter>Header Files</Filter>
    </ClInclude>
    <ClInclude Include="CustomJewel.h">
      <Filter>Header Files</Filter>
    </ClInclude>
    <ClInclude Include="CustomMessage.h">
      <Filter>Header Files</Filter>
    </ClInclude>
    <ClInclude Include="CustomItem.h">
      <Filter>Header Files</Filter>
    </ClInclude>
    <ClInclude Include="CustomWIngEffect.h">
      <Filter>Header Files</Filter>
    </ClInclude>
    <ClInclude Include="resource.h">
      <Filter>Header Files</Filter>
    </ClInclude>
    <ClInclude Include="CustomEffectDynamic.h">
      <Filter>Header Files</Filter>
    </ClInclude>
    <ClInclude Include="CustomBuyVip.h">
      <Filter>Header Files</Filter>
    </ClInclude>
    <ClInclude Include="CustomCommandInfo.h">
      <Filter>Header Files</Filter>
    </ClInclude>
    <ClInclude Include="CustomItemDescription.h">
      <Filter>Header Files</Filter>
    </ClInclude>
    <ClInclude Include="SmokeEffect.h">
      <Filter>Header Files</Filter>
    </ClInclude>
    <ClInclude Include="Fog.h">
      <Filter>Header Files</Filter>
    </ClInclude>
    <ClInclude Include="CustomGloves.h">
      <Filter>Header Files</Filter>
    </ClInclude>
    <ClInclude Include="CustomMonster.h">
      <Filter>Header Files</Filter>
    </ClInclude>
    <ClInclude Include="CustomNpcName.h">
      <Filter>Header Files</Filter>
    </ClInclude>
    <ClInclude Include="CustomEventTimeText.h">
      <Filter>Header Files</Filter>
    </ClInclude>
    <ClInclude Include="CustomCrossBow.h">
      <Filter>Header Files</Filter>
    </ClInclude>
    <ClInclude Include="CustomPet.h">
      <Filter>Header Files</Filter>
    </ClInclude>
    <ClInclude Include="CustomCloak.h">
      <Filter>Header Files</Filter>
    </ClInclude>
    <ClInclude Include="CustomPetEffect.h">
      <Filter>Header Files</Filter>
    </ClInclude>
    <ClInclude Include="CustomItemPosition.h">
      <Filter>Header Files</Filter>
    </ClInclude>
    <ClInclude Include="CustomServerInfo.h">
      <Filter>Header Files</Filter>
    </ClInclude>
    <ClInclude Include="CustomLuckyWheel.h">
      <Filter>Header Files</Filter>
    </ClInclude>
    <ClInclude Include="CustomEarthQuakeSkill.h">
      <Filter>Header Files</Filter>
    </ClInclude>
    <ClInclude Include="CustomJewelBank.h">
      <Filter>Header Files</Filter>
    </ClInclude>
    <ClInclude Include="ItemToolTip.h">
      <Filter>Header Files</Filter>
    </ClInclude>
    <ClInclude Include="PetGlow.h">
      <Filter>Header Files</Filter>
    </ClInclude>
    <ClInclude Include="RemoveExcGlow.h">
      <Filter>Header Files</Filter>
    </ClInclude>
    <ClInclude Include="SceneControl.h">
      <Filter>Header Files</Filter>
    </ClInclude>
    <ClInclude Include="ReadScript.h">
      <Filter>Header Files</Filter>
    </ClInclude>
    <ClInclude Include="PetEffectDynamic.h">
      <Filter>Header Files</Filter>
    </ClInclude>
    <ClInclude Include="TooltipBuff.h">
      <Filter>Header Files</Filter>
    </ClInclude>
    <ClInclude Include="ModelEffect.h">
      <Filter>Header Files</Filter>
    </ClInclude>
  </ItemGroup>
  <ItemGroup>
    <ClCompile Include="stdafx.cpp">
      <Filter>Source Files</Filter>
    </ClCompile>
    <ClCompile Include="GetMainInfo.cpp">
      <Filter>Source Files</Filter>
    </ClCompile>
    <ClCompile Include="..\..\Util\CCRC32.Cpp">
      <Filter>Util Files</Filter>
    </ClCompile>
    <ClCompile Include="CustomWing.cpp">
      <Filter>Source Files</Filter>
    </ClCompile>
    <ClCompile Include="MemScript.cpp">
      <Filter>Source Files</Filter>
    </ClCompile>
    <ClCompile Include="CustomJewel.cpp">
      <Filter>Source Files</Filter>
    </ClCompile>
    <ClCompile Include="CustomMessage.cpp">
      <Filter>Source Files</Filter>
    </ClCompile>
    <ClCompile Include="CustomItem.cpp">
      <Filter>Source Files</Filter>
    </ClCompile>
    <ClCompile Include="CustomWIngEffect.cpp">
      <Filter>Source Files</Filter>
    </ClCompile>
    <ClCompile Include="CustomEffectDynamic.cpp">
      <Filter>Source Files</Filter>
    </ClCompile>
    <ClCompile Include="CustomBuyVip.cpp">
      <Filter>Source Files</Filter>
    </ClCompile>
    <ClCompile Include="CustomCommandInfo.cpp">
      <Filter>Source Files</Filter>
    </ClCompile>
    <ClCompile Include="CustomItemDescription.cpp">
      <Filter>Source Files</Filter>
    </ClCompile>
    <ClCompile Include="SmokeEffect.cpp">
      <Filter>Source Files</Filter>
    </ClCompile>
    <ClCompile Include="Fog.cpp">
      <Filter>Source Files</Filter>
    </ClCompile>
    <ClCompile Include="CustomGloves.cpp">
      <Filter>Source Files</Filter>
    </ClCompile>
    <ClCompile Include="CustomMonster.cpp">
      <Filter>Source Files</Filter>
    </ClCompile>
    <ClCompile Include="CustomNpcName.cpp">
      <Filter>Source Files</Filter>
    </ClCompile>
    <ClCompile Include="CustomEventTimeText.cpp">
      <Filter>Source Files</Filter>
    </ClCompile>
    <ClCompile Include="CustomCrossBow.cpp">
      <Filter>Source Files</Filter>
    </ClCompile>
    <ClCompile Include="CustomPet.cpp">
      <Filter>Source Files</Filter>
    </ClCompile>
    <ClCompile Include="CustomCloak.cpp">
      <Filter>Source Files</Filter>
    </ClCompile>
    <ClCompile Include="CustomPetEffect.cpp">
      <Filter>Source Files</Filter>
    </ClCompile>
    <ClCompile Include="CustomItemPosition.cpp">
      <Filter>Source Files</Filter>
    </ClCompile>
    <ClCompile Include="CustomServerInfo.cpp">
      <Filter>Source Files</Filter>
    </ClCompile>
    <ClCompile Include="CustomLuckyWheel.cpp">
      <Filter>Source Files</Filter>
    </ClCompile>
    <ClCompile Include="CustomEarthQuakeSkill.cpp">
      <Filter>Source Files</Filter>
    </ClCompile>
    <ClCompile Include="CustomJewelBank.cpp">
      <Filter>Source Files</Filter>
    </ClCompile>
    <ClCompile Include="ItemToolTip.cpp">
      <Filter>Source Files</Filter>
    </ClCompile>
    <ClCompile Include="PetGlow.cpp">
      <Filter>Source Files</Filter>
    </ClCompile>
    <ClCompile Include="RemoveExcGlow.cpp">
      <Filter>Source Files</Filter>
    </ClCompile>
    <ClCompile Include="SceneControl.cpp">
      <Filter>Source Files</Filter>
    </ClCompile>
    <ClCompile Include="PetEffectDynamic.cpp">
      <Filter>Source Files</Filter>
    </ClCompile>
    <ClCompile Include="TooltipBuff.cpp">
      <Filter>Source Files</Filter>
    </ClCompile>
    <ClCompile Include="ModelEffect.cpp">
      <Filter>Source Files</Filter>
    </ClCompile>
  </ItemGroup>
  <ItemGroup>
    <ResourceCompile Include="GetMainInfo.rc">
      <Filter>Resource Files</Filter>
    </ResourceCompile>
  </ItemGroup>
</Project>